// !$*UTF8*$!
{
	archiveVersion = 1;
	classes = {
	};
	objectVersion = 55;
	objects = {

/* Begin PBXBuildFile section */
		8A22A3C9289040C800A8AA59 /* schedule.json in Resources */ = {isa = PBXBuildFile; fileRef = 8A22A3C8289040C800A8AA59 /* schedule.json */; };
		8A22A3CB289062F400A8AA59 /* ScheduleRow.swift in Sources */ = {isa = PBXBuildFile; fileRef = 8A22A3CA289062F400A8AA59 /* ScheduleRow.swift */; };
		8A23F7D8286E5B8F00F906FF /* FitnessSchedulerApp.swift in Sources */ = {isa = PBXBuildFile; fileRef = 8A23F7D7286E5B8F00F906FF /* FitnessSchedulerApp.swift */; };
		8A23F7DA286E5B8F00F906FF /* ContentView.swift in Sources */ = {isa = PBXBuildFile; fileRef = 8A23F7D9286E5B8F00F906FF /* ContentView.swift */; };
		8A23F7DC286E5B9200F906FF /* Assets.xcassets in Resources */ = {isa = PBXBuildFile; fileRef = 8A23F7DB286E5B9200F906FF /* Assets.xcassets */; };
		8A23F7DF286E5B9200F906FF /* Preview Assets.xcassets in Resources */ = {isa = PBXBuildFile; fileRef = 8A23F7DE286E5B9200F906FF /* Preview Assets.xcassets */; };
		8A23F7E6286E5DDC00F906FF /* Exercise.swift in Sources */ = {isa = PBXBuildFile; fileRef = 8A23F7E5286E5DDB00F906FF /* Exercise.swift */; };
		8A6DFFA3287F6DA400974C06 /* ExerciseView.swift in Sources */ = {isa = PBXBuildFile; fileRef = 8A6DFFA2287F6DA400974C06 /* ExerciseView.swift */; };
		8A6DFFA5287F748600974C06 /* MuscleGroupView.swift in Sources */ = {isa = PBXBuildFile; fileRef = 8A6DFFA4287F748600974C06 /* MuscleGroupView.swift */; };
		8A6DFFA7288026E800974C06 /* ExerciseRow.swift in Sources */ = {isa = PBXBuildFile; fileRef = 8A6DFFA6288026E800974C06 /* ExerciseRow.swift */; };
		8A6FDEF5288752C3004A64C0 /* FileManager-DocumentsDirectory.swift in Sources */ = {isa = PBXBuildFile; fileRef = 8A6FDEF4288752C3004A64C0 /* FileManager-DocumentsDirectory.swift */; };
		8A6FDEF728880DF5004A64C0 /* ScheduleElement.swift in Sources */ = {isa = PBXBuildFile; fileRef = 8A6FDEF628880DF5004A64C0 /* ScheduleElement.swift */; };
		8A6FDEF928880EB2004A64C0 /* Schedule.swift in Sources */ = {isa = PBXBuildFile; fileRef = 8A6FDEF828880EB2004A64C0 /* Schedule.swift */; };
		8A732964288DF22D0047410B /* CustomiseView.swift in Sources */ = {isa = PBXBuildFile; fileRef = 8A732963288DF22D0047410B /* CustomiseView.swift */; };
		8A88D129289AD3DF001F08AC /* AccountInfo.swift in Sources */ = {isa = PBXBuildFile; fileRef = 8A88D128289AD3DF001F08AC /* AccountInfo.swift */; };
		8A974EDE286F3451004F9C4F /* Muscle.swift in Sources */ = {isa = PBXBuildFile; fileRef = 8A974EDD286F3450004F9C4F /* Muscle.swift */; };
		8A974EE0286F34D8004F9C4F /* MuscleGroup.swift in Sources */ = {isa = PBXBuildFile; fileRef = 8A974EDF286F34D8004F9C4F /* MuscleGroup.swift */; };
		8A974EE2286F3533004F9C4F /* MenuSection.swift in Sources */ = {isa = PBXBuildFile; fileRef = 8A974EE1286F3533004F9C4F /* MenuSection.swift */; };
		8A974EE4286F35B8004F9C4F /* database.json in Resources */ = {isa = PBXBuildFile; fileRef = 8A974EE3286F35B8004F9C4F /* database.json */; };
		8A974EE6286F379C004F9C4F /* Menu.swift in Sources */ = {isa = PBXBuildFile; fileRef = 8A974EE5286F379C004F9C4F /* Menu.swift */; };
		8A974EE8286F3A80004F9C4F /* MenuView.swift in Sources */ = {isa = PBXBuildFile; fileRef = 8A974EE7286F3A80004F9C4F /* MenuView.swift */; };
		8AAE4375288F49F20040F2AB /* DaySection.swift in Sources */ = {isa = PBXBuildFile; fileRef = 8AAE4374288F49F10040F2AB /* DaySection.swift */; };
		8AAE4377288F4D7B0040F2AB /* Days.swift in Sources */ = {isa = PBXBuildFile; fileRef = 8AAE4376288F4D7B0040F2AB /* Days.swift */; };
		8AF33D1D2891B8D800CA8644 /* AccountView.swift in Sources */ = {isa = PBXBuildFile; fileRef = 8AF33D1C2891B8D700CA8644 /* AccountView.swift */; };
/* End PBXBuildFile section */

/* Begin PBXFileReference section */
		8A22A3C8289040C800A8AA59 /* schedule.json */ = {isa = PBXFileReference; fileEncoding = 4; lastKnownFileType = text.json; path = schedule.json; sourceTree = SOURCE_ROOT; };
		8A22A3CA289062F400A8AA59 /* ScheduleRow.swift */ = {isa = PBXFileReference; lastKnownFileType = sourcecode.swift; path = ScheduleRow.swift; sourceTree = "<group>"; };
		8A23F7D4286E5B8F00F906FF /* FitnessScheduler.app */ = {isa = PBXFileReference; explicitFileType = wrapper.application; includeInIndex = 0; path = FitnessScheduler.app; sourceTree = BUILT_PRODUCTS_DIR; };
		8A23F7D7286E5B8F00F906FF /* FitnessSchedulerApp.swift */ = {isa = PBXFileReference; lastKnownFileType = sourcecode.swift; path = FitnessSchedulerApp.swift; sourceTree = "<group>"; };
		8A23F7D9286E5B8F00F906FF /* ContentView.swift */ = {isa = PBXFileReference; lastKnownFileType = sourcecode.swift; path = ContentView.swift; sourceTree = "<group>"; };
		8A23F7DB286E5B9200F906FF /* Assets.xcassets */ = {isa = PBXFileReference; lastKnownFileType = folder.assetcatalog; path = Assets.xcassets; sourceTree = "<group>"; };
		8A23F7DE286E5B9200F906FF /* Preview Assets.xcassets */ = {isa = PBXFileReference; lastKnownFileType = folder.assetcatalog; path = "Preview Assets.xcassets"; sourceTree = "<group>"; };
		8A23F7E5286E5DDB00F906FF /* Exercise.swift */ = {isa = PBXFileReference; lastKnownFileType = sourcecode.swift; path = Exercise.swift; sourceTree = "<group>"; };
		8A6DFFA2287F6DA400974C06 /* ExerciseView.swift */ = {isa = PBXFileReference; lastKnownFileType = sourcecode.swift; path = ExerciseView.swift; sourceTree = "<group>"; };
		8A6DFFA4287F748600974C06 /* MuscleGroupView.swift */ = {isa = PBXFileReference; lastKnownFileType = sourcecode.swift; path = MuscleGroupView.swift; sourceTree = "<group>"; };
		8A6DFFA6288026E800974C06 /* ExerciseRow.swift */ = {isa = PBXFileReference; lastKnownFileType = sourcecode.swift; path = ExerciseRow.swift; sourceTree = "<group>"; };
		8A6FDEF4288752C3004A64C0 /* FileManager-DocumentsDirectory.swift */ = {isa = PBXFileReference; lastKnownFileType = sourcecode.swift; path = "FileManager-DocumentsDirectory.swift"; sourceTree = "<group>"; };
		8A6FDEF628880DF5004A64C0 /* ScheduleElement.swift */ = {isa = PBXFileReference; lastKnownFileType = sourcecode.swift; path = ScheduleElement.swift; sourceTree = "<group>"; };
		8A6FDEF828880EB2004A64C0 /* Schedule.swift */ = {isa = PBXFileReference; lastKnownFileType = sourcecode.swift; path = Schedule.swift; sourceTree = "<group>"; };
		8A732963288DF22D0047410B /* CustomiseView.swift */ = {isa = PBXFileReference; lastKnownFileType = sourcecode.swift; path = CustomiseView.swift; sourceTree = "<group>"; };
		8A88D128289AD3DF001F08AC /* AccountInfo.swift */ = {isa = PBXFileReference; lastKnownFileType = sourcecode.swift; path = AccountInfo.swift; sourceTree = "<group>"; };
		8A974EDD286F3450004F9C4F /* Muscle.swift */ = {isa = PBXFileReference; lastKnownFileType = sourcecode.swift; path = Muscle.swift; sourceTree = "<group>"; };
		8A974EDF286F34D8004F9C4F /* MuscleGroup.swift */ = {isa = PBXFileReference; lastKnownFileType = sourcecode.swift; path = MuscleGroup.swift; sourceTree = "<group>"; };
		8A974EE1286F3533004F9C4F /* MenuSection.swift */ = {isa = PBXFileReference; lastKnownFileType = sourcecode.swift; path = MenuSection.swift; sourceTree = "<group>"; };
		8A974EE3286F35B8004F9C4F /* database.json */ = {isa = PBXFileReference; fileEncoding = 4; lastKnownFileType = text.json; path = database.json; sourceTree = "<group>"; };
		8A974EE5286F379C004F9C4F /* Menu.swift */ = {isa = PBXFileReference; lastKnownFileType = sourcecode.swift; path = Menu.swift; sourceTree = "<group>"; };
		8A974EE7286F3A80004F9C4F /* MenuView.swift */ = {isa = PBXFileReference; lastKnownFileType = sourcecode.swift; path = MenuView.swift; sourceTree = "<group>"; };
		8AAE4374288F49F10040F2AB /* DaySection.swift */ = {isa = PBXFileReference; lastKnownFileType = sourcecode.swift; path = DaySection.swift; sourceTree = "<group>"; };
		8AAE4376288F4D7B0040F2AB /* Days.swift */ = {isa = PBXFileReference; lastKnownFileType = sourcecode.swift; path = Days.swift; sourceTree = "<group>"; };
		8AF33D1C2891B8D700CA8644 /* AccountView.swift */ = {isa = PBXFileReference; lastKnownFileType = sourcecode.swift; path = AccountView.swift; sourceTree = "<group>"; };
/* End PBXFileReference section */

/* Begin PBXFrameworksBuildPhase section */
		8A23F7D1286E5B8F00F906FF /* Frameworks */ = {
			isa = PBXFrameworksBuildPhase;
			buildActionMask = 2147483647;
			files = (
			);
			runOnlyForDeploymentPostprocessing = 0;
		};
/* End PBXFrameworksBuildPhase section */

/* Begin PBXGroup section */
		8A23F7CB286E5B8E00F906FF = {
			isa = PBXGroup;
			children = (
				8A23F7D6286E5B8F00F906FF /* FitnessScheduler */,
				8A23F7D5286E5B8F00F906FF /* Products */,
			);
			sourceTree = "<group>";
		};
		8A23F7D5286E5B8F00F906FF /* Products */ = {
			isa = PBXGroup;
			children = (
				8A23F7D4286E5B8F00F906FF /* FitnessScheduler.app */,
			);
			name = Products;
			sourceTree = "<group>";
		};
		8A23F7D6286E5B8F00F906FF /* FitnessScheduler */ = {
			isa = PBXGroup;
			children = (
				8A974EE3286F35B8004F9C4F /* database.json */,
				8A22A3C8289040C800A8AA59 /* schedule.json */,
				8A23F7D7286E5B8F00F906FF /* FitnessSchedulerApp.swift */,
				8A6FDEF828880EB2004A64C0 /* Schedule.swift */,
				8AAE4376288F4D7B0040F2AB /* Days.swift */,
				8AAE4374288F49F10040F2AB /* DaySection.swift */,
				8A6FDEF628880DF5004A64C0 /* ScheduleElement.swift */,
				8AAE436F288F18D10040F2AB /* Views */,
				8AAE4370288F19160040F2AB /* Database Objects */,
				8A6FDEF4288752C3004A64C0 /* FileManager-DocumentsDirectory.swift */,
				8A23F7DB286E5B9200F906FF /* Assets.xcassets */,
				8A23F7DD286E5B9200F906FF /* Preview Content */,
			);
			path = FitnessScheduler;
			sourceTree = "<group>";
		};
		8A23F7DD286E5B9200F906FF /* Preview Content */ = {
			isa = PBXGroup;
			children = (
				8A23F7DE286E5B9200F906FF /* Preview Assets.xcassets */,
			);
			path = "Preview Content";
			sourceTree = "<group>";
		};
		8AAE436F288F18D10040F2AB /* Views */ = {
			isa = PBXGroup;
			children = (
				8AF33D1C2891B8D700CA8644 /* AccountView.swift */,
				8A23F7D9286E5B8F00F906FF /* ContentView.swift */,
				8A22A3CA289062F400A8AA59 /* ScheduleRow.swift */,
				8A732963288DF22D0047410B /* CustomiseView.swift */,
				8A6DFFA6288026E800974C06 /* ExerciseRow.swift */,
				8A6DFFA2287F6DA400974C06 /* ExerciseView.swift */,
				8A974EE7286F3A80004F9C4F /* MenuView.swift */,
				8A6DFFA4287F748600974C06 /* MuscleGroupView.swift */,
			);
			path = Views;
			sourceTree = "<group>";
		};
		8AAE4370288F19160040F2AB /* Database Objects */ = {
			isa = PBXGroup;
			children = (
				8A88D128289AD3DF001F08AC /* AccountInfo.swift */,
				8A23F7E5286E5DDB00F906FF /* Exercise.swift */,
				8A974EE5286F379C004F9C4F /* Menu.swift */,
				8A974EE1286F3533004F9C4F /* MenuSection.swift */,
				8A974EDD286F3450004F9C4F /* Muscle.swift */,
				8A974EDF286F34D8004F9C4F /* MuscleGroup.swift */,
			);
			path = "Database Objects";
			sourceTree = "<group>";
		};
/* End PBXGroup section */

/* Begin PBXNativeTarget section */
		8A23F7D3286E5B8F00F906FF /* FitnessScheduler */ = {
			isa = PBXNativeTarget;
			buildConfigurationList = 8A23F7E2286E5B9200F906FF /* Build configuration list for PBXNativeTarget "FitnessScheduler" */;
			buildPhases = (
				8A23F7D0286E5B8F00F906FF /* Sources */,
				8A23F7D1286E5B8F00F906FF /* Frameworks */,
				8A23F7D2286E5B8F00F906FF /* Resources */,
			);
			buildRules = (
			);
			dependencies = (
			);
			name = FitnessScheduler;
			productName = FitnessScheduler;
			productReference = 8A23F7D4286E5B8F00F906FF /* FitnessScheduler.app */;
			productType = "com.apple.product-type.application";
		};
/* End PBXNativeTarget section */

/* Begin PBXProject section */
		8A23F7CC286E5B8E00F906FF /* Project object */ = {
			isa = PBXProject;
			attributes = {
				BuildIndependentTargetsInParallel = 1;
				LastSwiftUpdateCheck = 1340;
				LastUpgradeCheck = 1340;
				TargetAttributes = {
					8A23F7D3286E5B8F00F906FF = {
						CreatedOnToolsVersion = 13.4.1;
					};
				};
			};
			buildConfigurationList = 8A23F7CF286E5B8E00F906FF /* Build configuration list for PBXProject "FitnessScheduler" */;
			compatibilityVersion = "Xcode 13.0";
			developmentRegion = en;
			hasScannedForEncodings = 0;
			knownRegions = (
				en,
				Base,
			);
			mainGroup = 8A23F7CB286E5B8E00F906FF;
			productRefGroup = 8A23F7D5286E5B8F00F906FF /* Products */;
			projectDirPath = "";
			projectRoot = "";
			targets = (
				8A23F7D3286E5B8F00F906FF /* FitnessScheduler */,
			);
		};
/* End PBXProject section */

/* Begin PBXResourcesBuildPhase section */
		8A23F7D2286E5B8F00F906FF /* Resources */ = {
			isa = PBXResourcesBuildPhase;
			buildActionMask = 2147483647;
			files = (
				8A23F7DF286E5B9200F906FF /* Preview Assets.xcassets in Resources */,
				8A974EE4286F35B8004F9C4F /* database.json in Resources */,
				8A22A3C9289040C800A8AA59 /* schedule.json in Resources */,
				8A23F7DC286E5B9200F906FF /* Assets.xcassets in Resources */,
			);
			runOnlyForDeploymentPostprocessing = 0;
		};
/* End PBXResourcesBuildPhase section */

/* Begin PBXSourcesBuildPhase section */
		8A23F7D0286E5B8F00F906FF /* Sources */ = {
			isa = PBXSourcesBuildPhase;
			buildActionMask = 2147483647;
			files = (
				8A22A3CB289062F400A8AA59 /* ScheduleRow.swift in Sources */,
				8A974EDE286F3451004F9C4F /* Muscle.swift in Sources */,
				8A974EE8286F3A80004F9C4F /* MenuView.swift in Sources */,
				8A23F7DA286E5B8F00F906FF /* ContentView.swift in Sources */,
				8AAE4375288F49F20040F2AB /* DaySection.swift in Sources */,
				8A6FDEF5288752C3004A64C0 /* FileManager-DocumentsDirectory.swift in Sources */,
				8A6DFFA5287F748600974C06 /* MuscleGroupView.swift in Sources */,
				8A732964288DF22D0047410B /* CustomiseView.swift in Sources */,
				8A6DFFA3287F6DA400974C06 /* ExerciseView.swift in Sources */,
				8A6FDEF728880DF5004A64C0 /* ScheduleElement.swift in Sources */,
				8A23F7D8286E5B8F00F906FF /* FitnessSchedulerApp.swift in Sources */,
				8A974EE0286F34D8004F9C4F /* MuscleGroup.swift in Sources */,
				8AAE4377288F4D7B0040F2AB /* Days.swift in Sources */,
				8AF33D1D2891B8D800CA8644 /* AccountView.swift in Sources */,
				8A23F7E6286E5DDC00F906FF /* Exercise.swift in Sources */,
				8A974EE6286F379C004F9C4F /* Menu.swift in Sources */,
				8A974EE2286F3533004F9C4F /* MenuSection.swift in Sources */,
				8A88D129289AD3DF001F08AC /* AccountInfo.swift in Sources */,
				8A6FDEF928880EB2004A64C0 /* Schedule.swift in Sources */,
				8A6DFFA7288026E800974C06 /* ExerciseRow.swift in Sources */,
			);
			runOnlyForDeploymentPostprocessing = 0;
		};
/* End PBXSourcesBuildPhase section */

/* Begin XCBuildConfiguration section */
		8A23F7E0286E5B9200F906FF /* Debug */ = {
			isa = XCBuildConfiguration;
			buildSettings = {
				ALWAYS_SEARCH_USER_PATHS = NO;
				CLANG_ANALYZER_NONNULL = YES;
				CLANG_ANALYZER_NUMBER_OBJECT_CONVERSION = YES_AGGRESSIVE;
				CLANG_CXX_LANGUAGE_STANDARD = "gnu++17";
				CLANG_ENABLE_MODULES = YES;
				CLANG_ENABLE_OBJC_ARC = YES;
				CLANG_ENABLE_OBJC_WEAK = YES;
				CLANG_WARN_BLOCK_CAPTURE_AUTORELEASING = YES;
				CLANG_WARN_BOOL_CONVERSION = YES;
				CLANG_WARN_COMMA = YES;
				CLANG_WARN_CONSTANT_CONVERSION = YES;
				CLANG_WARN_DEPRECATED_OBJC_IMPLEMENTATIONS = YES;
				CLANG_WARN_DIRECT_OBJC_ISA_USAGE = YES_ERROR;
				CLANG_WARN_DOCUMENTATION_COMMENTS = YES;
				CLANG_WARN_EMPTY_BODY = YES;
				CLANG_WARN_ENUM_CONVERSION = YES;
				CLANG_WARN_INFINITE_RECURSION = YES;
				CLANG_WARN_INT_CONVERSION = YES;
				CLANG_WARN_NON_LITERAL_NULL_CONVERSION = YES;
				CLANG_WARN_OBJC_IMPLICIT_RETAIN_SELF = YES;
				CLANG_WARN_OBJC_LITERAL_CONVERSION = YES;
				CLANG_WARN_OBJC_ROOT_CLASS = YES_ERROR;
				CLANG_WARN_QUOTED_INCLUDE_IN_FRAMEWORK_HEADER = YES;
				CLANG_WARN_RANGE_LOOP_ANALYSIS = YES;
				CLANG_WARN_STRICT_PROTOTYPES = YES;
				CLANG_WARN_SUSPICIOUS_MOVE = YES;
				CLANG_WARN_UNGUARDED_AVAILABILITY = YES_AGGRESSIVE;
				CLANG_WARN_UNREACHABLE_CODE = YES;
				CLANG_WARN__DUPLICATE_METHOD_MATCH = YES;
				COPY_PHASE_STRIP = NO;
				DEBUG_INFORMATION_FORMAT = dwarf;
				ENABLE_STRICT_OBJC_MSGSEND = YES;
				ENABLE_TESTABILITY = YES;
				GCC_C_LANGUAGE_STANDARD = gnu11;
				GCC_DYNAMIC_NO_PIC = NO;
				GCC_NO_COMMON_BLOCKS = YES;
				GCC_OPTIMIZATION_LEVEL = 0;
				GCC_PREPROCESSOR_DEFINITIONS = (
					"DEBUG=1",
					"$(inherited)",
				);
				GCC_WARN_64_TO_32_BIT_CONVERSION = YES;
				GCC_WARN_ABOUT_RETURN_TYPE = YES_ERROR;
				GCC_WARN_UNDECLARED_SELECTOR = YES;
				GCC_WARN_UNINITIALIZED_AUTOS = YES_AGGRESSIVE;
				GCC_WARN_UNUSED_FUNCTION = YES;
				GCC_WARN_UNUSED_VARIABLE = YES;
				IPHONEOS_DEPLOYMENT_TARGET = 15.5;
				MTL_ENABLE_DEBUG_INFO = INCLUDE_SOURCE;
				MTL_FAST_MATH = YES;
				ONLY_ACTIVE_ARCH = YES;
				SDKROOT = iphoneos;
				SWIFT_ACTIVE_COMPILATION_CONDITIONS = DEBUG;
				SWIFT_OPTIMIZATION_LEVEL = "-Onone";
			};
			name = Debug;
		};
		8A23F7E1286E5B9200F906FF /* Release */ = {
			isa = XCBuildConfiguration;
			buildSettings = {
				ALWAYS_SEARCH_USER_PATHS = NO;
				CLANG_ANALYZER_NONNULL = YES;
				CLANG_ANALYZER_NUMBER_OBJECT_CONVERSION = YES_AGGRESSIVE;
				CLANG_CXX_LANGUAGE_STANDARD = "gnu++17";
				CLANG_ENABLE_MODULES = YES;
				CLANG_ENABLE_OBJC_ARC = YES;
				CLANG_ENABLE_OBJC_WEAK = YES;
				CLANG_WARN_BLOCK_CAPTURE_AUTORELEASING = YES;
				CLANG_WARN_BOOL_CONVERSION = YES;
				CLANG_WARN_COMMA = YES;
				CLANG_WARN_CONSTANT_CONVERSION = YES;
				CLANG_WARN_DEPRECATED_OBJC_IMPLEMENTATIONS = YES;
				CLANG_WARN_DIRECT_OBJC_ISA_USAGE = YES_ERROR;
				CLANG_WARN_DOCUMENTATION_COMMENTS = YES;
				CLANG_WARN_EMPTY_BODY = YES;
				CLANG_WARN_ENUM_CONVERSION = YES;
				CLANG_WARN_INFINITE_RECURSION = YES;
				CLANG_WARN_INT_CONVERSION = YES;
				CLANG_WARN_NON_LITERAL_NULL_CONVERSION = YES;
				CLANG_WARN_OBJC_IMPLICIT_RETAIN_SELF = YES;
				CLANG_WARN_OBJC_LITERAL_CONVERSION = YES;
				CLANG_WARN_OBJC_ROOT_CLASS = YES_ERROR;
				CLANG_WARN_QUOTED_INCLUDE_IN_FRAMEWORK_HEADER = YES;
				CLANG_WARN_RANGE_LOOP_ANALYSIS = YES;
				CLANG_WARN_STRICT_PROTOTYPES = YES;
				CLANG_WARN_SUSPICIOUS_MOVE = YES;
				CLANG_WARN_UNGUARDED_AVAILABILITY = YES_AGGRESSIVE;
				CLANG_WARN_UNREACHABLE_CODE = YES;
				CLANG_WARN__DUPLICATE_METHOD_MATCH = YES;
				COPY_PHASE_STRIP = NO;
				DEBUG_INFORMATION_FORMAT = "dwarf-with-dsym";
				ENABLE_NS_ASSERTIONS = NO;
				ENABLE_STRICT_OBJC_MSGSEND = YES;
				GCC_C_LANGUAGE_STANDARD = gnu11;
				GCC_NO_COMMON_BLOCKS = YES;
				GCC_WARN_64_TO_32_BIT_CONVERSION = YES;
				GCC_WARN_ABOUT_RETURN_TYPE = YES_ERROR;
				GCC_WARN_UNDECLARED_SELECTOR = YES;
				GCC_WARN_UNINITIALIZED_AUTOS = YES_AGGRESSIVE;
				GCC_WARN_UNUSED_FUNCTION = YES;
				GCC_WARN_UNUSED_VARIABLE = YES;
				IPHONEOS_DEPLOYMENT_TARGET = 15.5;
				MTL_ENABLE_DEBUG_INFO = NO;
				MTL_FAST_MATH = YES;
				SDKROOT = iphoneos;
				SWIFT_COMPILATION_MODE = wholemodule;
				SWIFT_OPTIMIZATION_LEVEL = "-O";
				VALIDATE_PRODUCT = YES;
			};
			name = Release;
		};
		8A23F7E3286E5B9200F906FF /* Debug */ = {
			isa = XCBuildConfiguration;
			buildSettings = {
				ASSETCATALOG_COMPILER_APPICON_NAME = AppIcon;
				ASSETCATALOG_COMPILER_GLOBAL_ACCENT_COLOR_NAME = AccentColor;
				CODE_SIGN_STYLE = Automatic;
				CURRENT_PROJECT_VERSION = 1;
				DEVELOPMENT_ASSET_PATHS = "\"FitnessScheduler/Preview Content\"";
				DEVELOPMENT_TEAM = VQQGK69YR3;
				ENABLE_PREVIEWS = YES;
				GENERATE_INFOPLIST_FILE = YES;
				INFOPLIST_KEY_UIApplicationSceneManifest_Generation = YES;
				INFOPLIST_KEY_UIApplicationSupportsIndirectInputEvents = YES;
				INFOPLIST_KEY_UILaunchScreen_Generation = YES;
				INFOPLIST_KEY_UISupportedInterfaceOrientations = UIInterfaceOrientationPortrait;
				INFOPLIST_KEY_UISupportedInterfaceOrientations_iPad = "UIInterfaceOrientationPortrait UIInterfaceOrientationPortraitUpsideDown UIInterfaceOrientationLandscapeLeft UIInterfaceOrientationLandscapeRight";
				INFOPLIST_KEY_UISupportedInterfaceOrientations_iPhone = "UIInterfaceOrientationPortrait UIInterfaceOrientationLandscapeLeft UIInterfaceOrientationLandscapeRight";
				IPHONEOS_DEPLOYMENT_TARGET = 15.5;
				LD_RUNPATH_SEARCH_PATHS = (
					"$(inherited)",
					"@executable_path/Frameworks",
				);
				MARKETING_VERSION = 1.0;
				PRODUCT_BUNDLE_IDENTIFIER = com.nathanrockell.FitnessScheduler;
				PRODUCT_NAME = "$(TARGET_NAME)";
				SWIFT_EMIT_LOC_STRINGS = YES;
				SWIFT_VERSION = 5.0;
				TARGETED_DEVICE_FAMILY = "1,2";
			};
			name = Debug;
		};
		8A23F7E4286E5B9200F906FF /* Release */ = {
			isa = XCBuildConfiguration;
			buildSettings = {
				ASSETCATALOG_COMPILER_APPICON_NAME = AppIcon;
				ASSETCATALOG_COMPILER_GLOBAL_ACCENT_COLOR_NAME = AccentColor;
				CODE_SIGN_STYLE = Automatic;
				CURRENT_PROJECT_VERSION = 1;
				DEVELOPMENT_ASSET_PATHS = "\"FitnessScheduler/Preview Content\"";
				DEVELOPMENT_TEAM = VQQGK69YR3;
				ENABLE_PREVIEWS = YES;
				GENERATE_INFOPLIST_FILE = YES;
				INFOPLIST_KEY_UIApplicationSceneManifest_Generation = YES;
				INFOPLIST_KEY_UIApplicationSupportsIndirectInputEvents = YES;
				INFOPLIST_KEY_UILaunchScreen_Generation = YES;
				INFOPLIST_KEY_UISupportedInterfaceOrientations = UIInterfaceOrientationPortrait;
				INFOPLIST_KEY_UISupportedInterfaceOrientations_iPad = "UIInterfaceOrientationPortrait UIInterfaceOrientationPortraitUpsideDown UIInterfaceOrientationLandscapeLeft UIInterfaceOrientationLandscapeRight";
				INFOPLIST_KEY_UISupportedInterfaceOrientations_iPhone = "UIInterfaceOrientationPortrait UIInterfaceOrientationLandscapeLeft UIInterfaceOrientationLandscapeRight";
				IPHONEOS_DEPLOYMENT_TARGET = 15.5;
				LD_RUNPATH_SEARCH_PATHS = (
					"$(inherited)",
					"@executable_path/Frameworks",
				);
				MARKETING_VERSION = 1.0;
				PRODUCT_BUNDLE_IDENTIFIER = com.nathanrockell.FitnessScheduler;
				PRODUCT_NAME = "$(TARGET_NAME)";
				SWIFT_EMIT_LOC_STRINGS = YES;
				SWIFT_VERSION = 5.0;
				TARGETED_DEVICE_FAMILY = "1,2";
			};
			name = Release;
		};
/* End XCBuildConfiguration section */

/* Begin XCConfigurationList section */
		8A23F7CF286E5B8E00F906FF /* Build configuration list for PBXProject "FitnessScheduler" */ = {
			isa = XCConfigurationList;
			buildConfigurations = (
				8A23F7E0286E5B9200F906FF /* Debug */,
				8A23F7E1286E5B9200F906FF /* Release */,
			);
			defaultConfigurationIsVisible = 0;
			defaultConfigurationName = Release;
		};
		8A23F7E2286E5B9200F906FF /* Build configuration list for PBXNativeTarget "FitnessScheduler" */ = {
			isa = XCConfigurationList;
			buildConfigurations = (
				8A23F7E3286E5B9200F906FF /* Debug */,
				8A23F7E4286E5B9200F906FF /* Release */,
			);
			defaultConfigurationIsVisible = 0;
			defaultConfigurationName = Release;
		};
/* End XCConfigurationList section */
	};
	rootObject = 8A23F7CC286E5B8E00F906FF /* Project object */;
}
